// !$*UTF8*$!
{
	archiveVersion = 1;
	classes = {
	};
	objectVersion = 56;
	objects = {

/* Begin PBXBuildFile section */
		440066B32D37013700545584 /* Debouncer.swift in Sources */ = {isa = PBXBuildFile; fileRef = 440066B22D37013700545584 /* Debouncer.swift */; };
		444FB4012CFF538300FB576B /* Helper.swift in Sources */ = {isa = PBXBuildFile; fileRef = 444FB4002CFF538300FB576B /* Helper.swift */; };
		444FB4032CFF72E400FB576B /* CustomTextField.swift in Sources */ = {isa = PBXBuildFile; fileRef = 444FB4022CFF72E400FB576B /* CustomTextField.swift */; };
		444FB4052CFF74C300FB576B /* DateExtension.swift in Sources */ = {isa = PBXBuildFile; fileRef = 444FB4042CFF74C300FB576B /* DateExtension.swift */; };
		444FB4072CFF77C500FB576B /* ImageSection.swift in Sources */ = {isa = PBXBuildFile; fileRef = 444FB4062CFF77C500FB576B /* ImageSection.swift */; };
		444FB4092CFF780900FB576B /* DetailsSection.swift in Sources */ = {isa = PBXBuildFile; fileRef = 444FB4082CFF780900FB576B /* DetailsSection.swift */; };
		44D61C142CFEA0EB007577D0 /* FlickerImageApp.swift in Sources */ = {isa = PBXBuildFile; fileRef = 44D61C132CFEA0EB007577D0 /* FlickerImageApp.swift */; };
		44D61C162CFEA0EB007577D0 /* ContentView.swift in Sources */ = {isa = PBXBuildFile; fileRef = 44D61C152CFEA0EB007577D0 /* ContentView.swift */; };
		44D61C182CFEA0EE007577D0 /* Assets.xcassets in Resources */ = {isa = PBXBuildFile; fileRef = 44D61C172CFEA0EE007577D0 /* Assets.xcassets */; };
		44D61C1B2CFEA0EE007577D0 /* Preview Assets.xcassets in Resources */ = {isa = PBXBuildFile; fileRef = 44D61C1A2CFEA0EE007577D0 /* Preview Assets.xcassets */; };
		44D61C252CFEA0EE007577D0 /* FlickerImageAppTests.swift in Sources */ = {isa = PBXBuildFile; fileRef = 44D61C242CFEA0EE007577D0 /* FlickerImageAppTests.swift */; };
		44D61C2F2CFEA0EF007577D0 /* FlickerImageAppUITests.swift in Sources */ = {isa = PBXBuildFile; fileRef = 44D61C2E2CFEA0EF007577D0 /* FlickerImageAppUITests.swift */; };
		44D61C312CFEA0EF007577D0 /* FlickerImageAppUITestsLaunchTests.swift in Sources */ = {isa = PBXBuildFile; fileRef = 44D61C302CFEA0EF007577D0 /* FlickerImageAppUITestsLaunchTests.swift */; };
		44D61C402CFEA284007577D0 /* SearchBar.swift in Sources */ = {isa = PBXBuildFile; fileRef = 44D61C3F2CFEA284007577D0 /* SearchBar.swift */; };
		44D61C422CFEA294007577D0 /* ImageGridView.swift in Sources */ = {isa = PBXBuildFile; fileRef = 44D61C412CFEA294007577D0 /* ImageGridView.swift */; };
		44D61C442CFEA2A7007577D0 /* ImageDetailView.swift in Sources */ = {isa = PBXBuildFile; fileRef = 44D61C432CFEA2A7007577D0 /* ImageDetailView.swift */; };
		44D61C472CFEA2C4007577D0 /* LoadingView.swift in Sources */ = {isa = PBXBuildFile; fileRef = 44D61C462CFEA2C4007577D0 /* LoadingView.swift */; };
		44D61C4A2CFEA2D2007577D0 /* ErrorView.swift in Sources */ = {isa = PBXBuildFile; fileRef = 44D61C492CFEA2D2007577D0 /* ErrorView.swift */; };
		44D61C4C2CFEA2E2007577D0 /* ImageCell.swift in Sources */ = {isa = PBXBuildFile; fileRef = 44D61C4B2CFEA2E2007577D0 /* ImageCell.swift */; };
		44D61C4F2CFEA30C007577D0 /* FlickrViewModel.swift in Sources */ = {isa = PBXBuildFile; fileRef = 44D61C4E2CFEA30C007577D0 /* FlickrViewModel.swift */; };
		44D61C522CFEA325007577D0 /* FlickrImage.swift in Sources */ = {isa = PBXBuildFile; fileRef = 44D61C512CFEA325007577D0 /* FlickrImage.swift */; };
		44D61C562CFEA383007577D0 /* NetworkManager.swift in Sources */ = {isa = PBXBuildFile; fileRef = 44D61C552CFEA383007577D0 /* NetworkManager.swift */; };
		44D61C582CFEA390007577D0 /* Endpoints.swift in Sources */ = {isa = PBXBuildFile; fileRef = 44D61C572CFEA390007577D0 /* Endpoints.swift */; };
		44D61C5A2CFEA39A007577D0 /* NetworkError.swift in Sources */ = {isa = PBXBuildFile; fileRef = 44D61C592CFEA39A007577D0 /* NetworkError.swift */; };
		44D61C612CFEA3F1007577D0 /* ViewsExtensions.swift in Sources */ = {isa = PBXBuildFile; fileRef = 44D61C602CFEA3F1007577D0 /* ViewsExtensions.swift */; };
		44D61C642CFEA415007577D0 /* Constants.swift in Sources */ = {isa = PBXBuildFile; fileRef = 44D61C632CFEA415007577D0 /* Constants.swift */; };
		44D61C662CFEA41F007577D0 /* Logger.swift in Sources */ = {isa = PBXBuildFile; fileRef = 44D61C652CFEA41F007577D0 /* Logger.swift */; };
		44D61C6A2CFEB9A4007577D0 /* NetworkManaging.swift in Sources */ = {isa = PBXBuildFile; fileRef = 44D61C692CFEB9A4007577D0 /* NetworkManaging.swift */; };
/* End PBXBuildFile section */

/* Begin PBXContainerItemProxy section */
		44D61C212CFEA0EE007577D0 /* PBXContainerItemProxy */ = {
			isa = PBXContainerItemProxy;
			containerPortal = 44D61C082CFEA0EB007577D0 /* Project object */;
			proxyType = 1;
			remoteGlobalIDString = 44D61C0F2CFEA0EB007577D0;
			remoteInfo = CVSFlickrAPP;
		};
		44D61C2B2CFEA0EE007577D0 /* PBXContainerItemProxy */ = {
			isa = PBXContainerItemProxy;
			containerPortal = 44D61C082CFEA0EB007577D0 /* Project object */;
			proxyType = 1;
			remoteGlobalIDString = 44D61C0F2CFEA0EB007577D0;
			remoteInfo = CVSFlickrAPP;
		};
/* End PBXContainerItemProxy section */

/* Begin PBXFileReference section */
		440066B22D37013700545584 /* Debouncer.swift */ = {isa = PBXFileReference; lastKnownFileType = sourcecode.swift; path = Debouncer.swift; sourceTree = "<group>"; };
		444FB4002CFF538300FB576B /* Helper.swift */ = {isa = PBXFileReference; lastKnownFileType = sourcecode.swift; path = Helper.swift; sourceTree = "<group>"; };
		444FB4022CFF72E400FB576B /* CustomTextField.swift */ = {isa = PBXFileReference; lastKnownFileType = sourcecode.swift; path = CustomTextField.swift; sourceTree = "<group>"; };
		444FB4042CFF74C300FB576B /* DateExtension.swift */ = {isa = PBXFileReference; lastKnownFileType = sourcecode.swift; path = DateExtension.swift; sourceTree = "<group>"; };
		444FB4062CFF77C500FB576B /* ImageSection.swift */ = {isa = PBXFileReference; lastKnownFileType = sourcecode.swift; path = ImageSection.swift; sourceTree = "<group>"; };
		444FB4082CFF780900FB576B /* DetailsSection.swift */ = {isa = PBXFileReference; lastKnownFileType = sourcecode.swift; path = DetailsSection.swift; sourceTree = "<group>"; };
		44D61C102CFEA0EB007577D0 /* FlickerImageApp.app */ = {isa = PBXFileReference; explicitFileType = wrapper.application; includeInIndex = 0; path = FlickerImageApp.app; sourceTree = BUILT_PRODUCTS_DIR; };
		44D61C132CFEA0EB007577D0 /* FlickerImageApp.swift */ = {isa = PBXFileReference; lastKnownFileType = sourcecode.swift; path = FlickerImageApp.swift; sourceTree = "<group>"; };
		44D61C152CFEA0EB007577D0 /* ContentView.swift */ = {isa = PBXFileReference; lastKnownFileType = sourcecode.swift; path = ContentView.swift; sourceTree = "<group>"; };
		44D61C172CFEA0EE007577D0 /* Assets.xcassets */ = {isa = PBXFileReference; lastKnownFileType = folder.assetcatalog; path = Assets.xcassets; sourceTree = "<group>"; };
		44D61C1A2CFEA0EE007577D0 /* Preview Assets.xcassets */ = {isa = PBXFileReference; lastKnownFileType = folder.assetcatalog; path = "Preview Assets.xcassets"; sourceTree = "<group>"; };
		44D61C202CFEA0EE007577D0 /* FlickerImageAppTests.xctest */ = {isa = PBXFileReference; explicitFileType = wrapper.cfbundle; includeInIndex = 0; path = FlickerImageAppTests.xctest; sourceTree = BUILT_PRODUCTS_DIR; };
		44D61C242CFEA0EE007577D0 /* FlickerImageAppTests.swift */ = {isa = PBXFileReference; lastKnownFileType = sourcecode.swift; path = FlickerImageAppTests.swift; sourceTree = "<group>"; };
		44D61C2A2CFEA0EE007577D0 /* FlickerImageAppUITests.xctest */ = {isa = PBXFileReference; explicitFileType = wrapper.cfbundle; includeInIndex = 0; path = FlickerImageAppUITests.xctest; sourceTree = BUILT_PRODUCTS_DIR; };
		44D61C2E2CFEA0EF007577D0 /* FlickerImageAppUITests.swift */ = {isa = PBXFileReference; lastKnownFileType = sourcecode.swift; path = FlickerImageAppUITests.swift; sourceTree = "<group>"; };
		44D61C302CFEA0EF007577D0 /* FlickerImageAppUITestsLaunchTests.swift */ = {isa = PBXFileReference; lastKnownFileType = sourcecode.swift; path = FlickerImageAppUITestsLaunchTests.swift; sourceTree = "<group>"; };
		44D61C3F2CFEA284007577D0 /* SearchBar.swift */ = {isa = PBXFileReference; lastKnownFileType = sourcecode.swift; path = SearchBar.swift; sourceTree = "<group>"; };
		44D61C412CFEA294007577D0 /* ImageGridView.swift */ = {isa = PBXFileReference; lastKnownFileType = sourcecode.swift; path = ImageGridView.swift; sourceTree = "<group>"; };
		44D61C432CFEA2A7007577D0 /* ImageDetailView.swift */ = {isa = PBXFileReference; lastKnownFileType = sourcecode.swift; path = ImageDetailView.swift; sourceTree = "<group>"; };
		44D61C462CFEA2C4007577D0 /* LoadingView.swift */ = {isa = PBXFileReference; lastKnownFileType = sourcecode.swift; path = LoadingView.swift; sourceTree = "<group>"; };
		44D61C492CFEA2D2007577D0 /* ErrorView.swift */ = {isa = PBXFileReference; lastKnownFileType = sourcecode.swift; path = ErrorView.swift; sourceTree = "<group>"; };
		44D61C4B2CFEA2E2007577D0 /* ImageCell.swift */ = {isa = PBXFileReference; lastKnownFileType = sourcecode.swift; path = ImageCell.swift; sourceTree = "<group>"; };
		44D61C4E2CFEA30C007577D0 /* FlickrViewModel.swift */ = {isa = PBXFileReference; lastKnownFileType = sourcecode.swift; path = FlickrViewModel.swift; sourceTree = "<group>"; };
		44D61C512CFEA325007577D0 /* FlickrImage.swift */ = {isa = PBXFileReference; lastKnownFileType = sourcecode.swift; path = FlickrImage.swift; sourceTree = "<group>"; };
		44D61C552CFEA383007577D0 /* NetworkManager.swift */ = {isa = PBXFileReference; lastKnownFileType = sourcecode.swift; path = NetworkManager.swift; sourceTree = "<group>"; };
		44D61C572CFEA390007577D0 /* Endpoints.swift */ = {isa = PBXFileReference; lastKnownFileType = sourcecode.swift; path = Endpoints.swift; sourceTree = "<group>"; };
		44D61C592CFEA39A007577D0 /* NetworkError.swift */ = {isa = PBXFileReference; lastKnownFileType = sourcecode.swift; path = NetworkError.swift; sourceTree = "<group>"; };
		44D61C602CFEA3F1007577D0 /* ViewsExtensions.swift */ = {isa = PBXFileReference; lastKnownFileType = sourcecode.swift; path = ViewsExtensions.swift; sourceTree = "<group>"; };
		44D61C632CFEA415007577D0 /* Constants.swift */ = {isa = PBXFileReference; lastKnownFileType = sourcecode.swift; path = Constants.swift; sourceTree = "<group>"; };
		44D61C652CFEA41F007577D0 /* Logger.swift */ = {isa = PBXFileReference; lastKnownFileType = sourcecode.swift; path = Logger.swift; sourceTree = "<group>"; };
		44D61C692CFEB9A4007577D0 /* NetworkManaging.swift */ = {isa = PBXFileReference; lastKnownFileType = sourcecode.swift; path = NetworkManaging.swift; sourceTree = "<group>"; };
/* End PBXFileReference section */

/* Begin PBXFrameworksBuildPhase section */
		44D61C0D2CFEA0EB007577D0 /* Frameworks */ = {
			isa = PBXFrameworksBuildPhase;
			buildActionMask = 2147483647;
			files = (
			);
			runOnlyForDeploymentPostprocessing = 0;
		};
		44D61C1D2CFEA0EE007577D0 /* Frameworks */ = {
			isa = PBXFrameworksBuildPhase;
			buildActionMask = 2147483647;
			files = (
			);
			runOnlyForDeploymentPostprocessing = 0;
		};
		44D61C272CFEA0EE007577D0 /* Frameworks */ = {
			isa = PBXFrameworksBuildPhase;
			buildActionMask = 2147483647;
			files = (
			);
			runOnlyForDeploymentPostprocessing = 0;
		};
/* End PBXFrameworksBuildPhase section */

/* Begin PBXGroup section */
		44D61C072CFEA0EB007577D0 = {
			isa = PBXGroup;
			children = (
				44D61C122CFEA0EB007577D0 /* FlickerImageApp */,
				44D61C232CFEA0EE007577D0 /* FlickerImageAppTests */,
				44D61C2D2CFEA0EF007577D0 /* FlickerImageAppUITests */,
				44D61C112CFEA0EB007577D0 /* Products */,
			);
			sourceTree = "<group>";
		};
		44D61C112CFEA0EB007577D0 /* Products */ = {
			isa = PBXGroup;
			children = (
				44D61C102CFEA0EB007577D0 /* FlickerImageApp.app */,
				44D61C202CFEA0EE007577D0 /* FlickerImageAppTests.xctest */,
				44D61C2A2CFEA0EE007577D0 /* FlickerImageAppUITests.xctest */,
			);
			name = Products;
			sourceTree = "<group>";
		};
		44D61C122CFEA0EB007577D0 /* FlickerImageApp */ = {
			isa = PBXGroup;
			children = (
				44D61C3D2CFEA227007577D0 /* Features */,
				44D61C532CFEA35C007577D0 /* Core */,
				44D61C132CFEA0EB007577D0 /* FlickerImageApp.swift */,
				44D61C172CFEA0EE007577D0 /* Assets.xcassets */,
				44D61C192CFEA0EE007577D0 /* Preview Content */,
			);
			path = FlickerImageApp;
			sourceTree = "<group>";
		};
		44D61C192CFEA0EE007577D0 /* Preview Content */ = {
			isa = PBXGroup;
			children = (
				44D61C1A2CFEA0EE007577D0 /* Preview Assets.xcassets */,
			);
			path = "Preview Content";
			sourceTree = "<group>";
		};
		44D61C232CFEA0EE007577D0 /* FlickerImageAppTests */ = {
			isa = PBXGroup;
			children = (
				44D61C242CFEA0EE007577D0 /* FlickerImageAppTests.swift */,
			);
			path = FlickerImageAppTests;
			sourceTree = "<group>";
		};
		44D61C2D2CFEA0EF007577D0 /* FlickerImageAppUITests */ = {
			isa = PBXGroup;
			children = (
				44D61C2E2CFEA0EF007577D0 /* FlickerImageAppUITests.swift */,
				44D61C302CFEA0EF007577D0 /* FlickerImageAppUITestsLaunchTests.swift */,
			);
			path = FlickerImageAppUITests;
			sourceTree = "<group>";
		};
		44D61C3D2CFEA227007577D0 /* Features */ = {
			isa = PBXGroup;
			children = (
				44D61C3E2CFEA26D007577D0 /* Views */,
				44D61C4D2CFEA2FB007577D0 /* ViewModels */,
				44D61C502CFEA318007577D0 /* Models */,
			);
			path = Features;
			sourceTree = "<group>";
		};
		44D61C3E2CFEA26D007577D0 /* Views */ = {
			isa = PBXGroup;
			children = (
				44D61C452CFEA2B5007577D0 /* Components */,
				44D61C152CFEA0EB007577D0 /* ContentView.swift */,
				44D61C3F2CFEA284007577D0 /* SearchBar.swift */,
				44D61C412CFEA294007577D0 /* ImageGridView.swift */,
				44D61C432CFEA2A7007577D0 /* ImageDetailView.swift */,
			);
			path = Views;
			sourceTree = "<group>";
		};
		44D61C452CFEA2B5007577D0 /* Components */ = {
			isa = PBXGroup;
			children = (
				44D61C462CFEA2C4007577D0 /* LoadingView.swift */,
				44D61C492CFEA2D2007577D0 /* ErrorView.swift */,
				44D61C4B2CFEA2E2007577D0 /* ImageCell.swift */,
				444FB4022CFF72E400FB576B /* CustomTextField.swift */,
				444FB4062CFF77C500FB576B /* ImageSection.swift */,
				444FB4082CFF780900FB576B /* DetailsSection.swift */,
			);
			path = Components;
			sourceTree = "<group>";
		};
		44D61C4D2CFEA2FB007577D0 /* ViewModels */ = {
			isa = PBXGroup;
			children = (
				44D61C4E2CFEA30C007577D0 /* FlickrViewModel.swift */,
			);
			path = ViewModels;
			sourceTree = "<group>";
		};
		44D61C502CFEA318007577D0 /* Models */ = {
			isa = PBXGroup;
			children = (
				44D61C512CFEA325007577D0 /* FlickrImage.swift */,
			);
			path = Models;
			sourceTree = "<group>";
		};
		44D61C532CFEA35C007577D0 /* Core */ = {
			isa = PBXGroup;
			children = (
				44D61C542CFEA368007577D0 /* Network */,
				44D61C5B2CFEA3A4007577D0 /* Extensions */,
				44D61C622CFEA400007577D0 /* Utils */,
			);
			path = Core;
			sourceTree = "<group>";
		};
		44D61C542CFEA368007577D0 /* Network */ = {
			isa = PBXGroup;
			children = (
				44D61C552CFEA383007577D0 /* NetworkManager.swift */,
				44D61C572CFEA390007577D0 /* Endpoints.swift */,
				44D61C592CFEA39A007577D0 /* NetworkError.swift */,
				44D61C692CFEB9A4007577D0 /* NetworkManaging.swift */,
			);
			path = Network;
			sourceTree = "<group>";
		};
		44D61C5B2CFEA3A4007577D0 /* Extensions */ = {
			isa = PBXGroup;
			children = (
				44D61C602CFEA3F1007577D0 /* ViewsExtensions.swift */,
				444FB4042CFF74C300FB576B /* DateExtension.swift */,
			);
			path = Extensions;
			sourceTree = "<group>";
		};
		44D61C622CFEA400007577D0 /* Utils */ = {
			isa = PBXGroup;
			children = (
				44D61C632CFEA415007577D0 /* Constants.swift */,
				44D61C652CFEA41F007577D0 /* Logger.swift */,
				444FB4002CFF538300FB576B /* Helper.swift */,
				440066B22D37013700545584 /* Debouncer.swift */,
			);
			path = Utils;
			sourceTree = "<group>";
		};
/* End PBXGroup section */

/* Begin PBXNativeTarget section */
		44D61C0F2CFEA0EB007577D0 /* FlickerImageApp */ = {
			isa = PBXNativeTarget;
			buildConfigurationList = 44D61C342CFEA0EF007577D0 /* Build configuration list for PBXNativeTarget "FlickerImageApp" */;
			buildPhases = (
				44D61C0C2CFEA0EB007577D0 /* Sources */,
				44D61C0D2CFEA0EB007577D0 /* Frameworks */,
				44D61C0E2CFEA0EB007577D0 /* Resources */,
			);
			buildRules = (
			);
			dependencies = (
			);
			name = FlickerImageApp;
			productName = CVSFlickrAPP;
			productReference = 44D61C102CFEA0EB007577D0 /* FlickerImageApp.app */;
			productType = "com.apple.product-type.application";
		};
		44D61C1F2CFEA0EE007577D0 /* FlickerImageAppTests */ = {
			isa = PBXNativeTarget;
			buildConfigurationList = 44D61C372CFEA0EF007577D0 /* Build configuration list for PBXNativeTarget "FlickerImageAppTests" */;
			buildPhases = (
				44D61C1C2CFEA0EE007577D0 /* Sources */,
				44D61C1D2CFEA0EE007577D0 /* Frameworks */,
				44D61C1E2CFEA0EE007577D0 /* Resources */,
			);
			buildRules = (
			);
			dependencies = (
				44D61C222CFEA0EE007577D0 /* PBXTargetDependency */,
			);
			name = FlickerImageAppTests;
			productName = CVSFlickrAPPTests;
			productReference = 44D61C202CFEA0EE007577D0 /* FlickerImageAppTests.xctest */;
			productType = "com.apple.product-type.bundle.unit-test";
		};
		44D61C292CFEA0EE007577D0 /* FlickerImageAppUITests */ = {
			isa = PBXNativeTarget;
			buildConfigurationList = 44D61C3A2CFEA0EF007577D0 /* Build configuration list for PBXNativeTarget "FlickerImageAppUITests" */;
			buildPhases = (
				44D61C262CFEA0EE007577D0 /* Sources */,
				44D61C272CFEA0EE007577D0 /* Frameworks */,
				44D61C282CFEA0EE007577D0 /* Resources */,
			);
			buildRules = (
			);
			dependencies = (
				44D61C2C2CFEA0EE007577D0 /* PBXTargetDependency */,
			);
			name = FlickerImageAppUITests;
			productName = CVSFlickrAPPUITests;
			productReference = 44D61C2A2CFEA0EE007577D0 /* FlickerImageAppUITests.xctest */;
			productType = "com.apple.product-type.bundle.ui-testing";
		};
/* End PBXNativeTarget section */

/* Begin PBXProject section */
		44D61C082CFEA0EB007577D0 /* Project object */ = {
			isa = PBXProject;
			attributes = {
				BuildIndependentTargetsInParallel = 1;
				LastSwiftUpdateCheck = 1540;
				LastUpgradeCheck = 1540;
				TargetAttributes = {
					44D61C0F2CFEA0EB007577D0 = {
						CreatedOnToolsVersion = 15.4;
					};
					44D61C1F2CFEA0EE007577D0 = {
						CreatedOnToolsVersion = 15.4;
						TestTargetID = 44D61C0F2CFEA0EB007577D0;
					};
					44D61C292CFEA0EE007577D0 = {
						CreatedOnToolsVersion = 15.4;
						TestTargetID = 44D61C0F2CFEA0EB007577D0;
					};
				};
			};
			buildConfigurationList = 44D61C0B2CFEA0EB007577D0 /* Build configuration list for PBXProject "FlickerImageApp" */;
			compatibilityVersion = "Xcode 14.0";
			developmentRegion = en;
			hasScannedForEncodings = 0;
			knownRegions = (
				en,
				Base,
			);
			mainGroup = 44D61C072CFEA0EB007577D0;
			productRefGroup = 44D61C112CFEA0EB007577D0 /* Products */;
			projectDirPath = "";
			projectRoot = "";
			targets = (
				44D61C0F2CFEA0EB007577D0 /* FlickerImageApp */,
				44D61C1F2CFEA0EE007577D0 /* FlickerImageAppTests */,
				44D61C292CFEA0EE007577D0 /* FlickerImageAppUITests */,
			);
		};
/* End PBXProject section */

/* Begin PBXResourcesBuildPhase section */
		44D61C0E2CFEA0EB007577D0 /* Resources */ = {
			isa = PBXResourcesBuildPhase;
			buildActionMask = 2147483647;
			files = (
				44D61C1B2CFEA0EE007577D0 /* Preview Assets.xcassets in Resources */,
				44D61C182CFEA0EE007577D0 /* Assets.xcassets in Resources */,
			);
			runOnlyForDeploymentPostprocessing = 0;
		};
		44D61C1E2CFEA0EE007577D0 /* Resources */ = {
			isa = PBXResourcesBuildPhase;
			buildActionMask = 2147483647;
			files = (
			);
			runOnlyForDeploymentPostprocessing = 0;
		};
		44D61C282CFEA0EE007577D0 /* Resources */ = {
			isa = PBXResourcesBuildPhase;
			buildActionMask = 2147483647;
			files = (
			);
			runOnlyForDeploymentPostprocessing = 0;
		};
/* End PBXResourcesBuildPhase section */

/* Begin PBXSourcesBuildPhase section */
		44D61C0C2CFEA0EB007577D0 /* Sources */ = {
			isa = PBXSourcesBuildPhase;
			buildActionMask = 2147483647;
			files = (
				444FB4092CFF780900FB576B /* DetailsSection.swift in Sources */,
				44D61C522CFEA325007577D0 /* FlickrImage.swift in Sources */,
				444FB4052CFF74C300FB576B /* DateExtension.swift in Sources */,
				44D61C642CFEA415007577D0 /* Constants.swift in Sources */,
				44D61C162CFEA0EB007577D0 /* ContentView.swift in Sources */,
				44D61C4F2CFEA30C007577D0 /* FlickrViewModel.swift in Sources */,
				44D61C142CFEA0EB007577D0 /* FlickerImageApp.swift in Sources */,
				444FB4032CFF72E400FB576B /* CustomTextField.swift in Sources */,
				444FB4012CFF538300FB576B /* Helper.swift in Sources */,
				44D61C562CFEA383007577D0 /* NetworkManager.swift in Sources */,
				44D61C422CFEA294007577D0 /* ImageGridView.swift in Sources */,
				44D61C402CFEA284007577D0 /* SearchBar.swift in Sources */,
				44D61C4A2CFEA2D2007577D0 /* ErrorView.swift in Sources */,
				44D61C4C2CFEA2E2007577D0 /* ImageCell.swift in Sources */,
				440066B32D37013700545584 /* Debouncer.swift in Sources */,
				444FB4072CFF77C500FB576B /* ImageSection.swift in Sources */,
				44D61C6A2CFEB9A4007577D0 /* NetworkManaging.swift in Sources */,
				44D61C442CFEA2A7007577D0 /* ImageDetailView.swift in Sources */,
				44D61C5A2CFEA39A007577D0 /* NetworkError.swift in Sources */,
				44D61C662CFEA41F007577D0 /* Logger.swift in Sources */,
				44D61C582CFEA390007577D0 /* Endpoints.swift in Sources */,
				44D61C472CFEA2C4007577D0 /* LoadingView.swift in Sources */,
				44D61C612CFEA3F1007577D0 /* ViewsExtensions.swift in Sources */,
			);
			runOnlyForDeploymentPostprocessing = 0;
		};
		44D61C1C2CFEA0EE007577D0 /* Sources */ = {
			isa = PBXSourcesBuildPhase;
			buildActionMask = 2147483647;
			files = (
				44D61C252CFEA0EE007577D0 /* FlickerImageAppTests.swift in Sources */,
			);
			runOnlyForDeploymentPostprocessing = 0;
		};
		44D61C262CFEA0EE007577D0 /* Sources */ = {
			isa = PBXSourcesBuildPhase;
			buildActionMask = 2147483647;
			files = (
				44D61C312CFEA0EF007577D0 /* FlickerImageAppUITestsLaunchTests.swift in Sources */,
				44D61C2F2CFEA0EF007577D0 /* FlickerImageAppUITests.swift in Sources */,
			);
			runOnlyForDeploymentPostprocessing = 0;
		};
/* End PBXSourcesBuildPhase section */

/* Begin PBXTargetDependency section */
		44D61C222CFEA0EE007577D0 /* PBXTargetDependency */ = {
			isa = PBXTargetDependency;
			target = 44D61C0F2CFEA0EB007577D0 /* FlickerImageApp */;
			targetProxy = 44D61C212CFEA0EE007577D0 /* PBXContainerItemProxy */;
		};
		44D61C2C2CFEA0EE007577D0 /* PBXTargetDependency */ = {
			isa = PBXTargetDependency;
			target = 44D61C0F2CFEA0EB007577D0 /* FlickerImageApp */;
			targetProxy = 44D61C2B2CFEA0EE007577D0 /* PBXContainerItemProxy */;
		};
/* End PBXTargetDependency section */

/* Begin XCBuildConfiguration section */
		44D61C322CFEA0EF007577D0 /* Debug */ = {
			isa = XCBuildConfiguration;
			buildSettings = {
				ALWAYS_SEARCH_USER_PATHS = NO;
				ASSETCATALOG_COMPILER_GENERATE_SWIFT_ASSET_SYMBOL_EXTENSIONS = YES;
				CLANG_ANALYZER_NONNULL = YES;
				CLANG_ANALYZER_NUMBER_OBJECT_CONVERSION = YES_AGGRESSIVE;
				CLANG_CXX_LANGUAGE_STANDARD = "gnu++20";
				CLANG_ENABLE_MODULES = YES;
				CLANG_ENABLE_OBJC_ARC = YES;
				CLANG_ENABLE_OBJC_WEAK = YES;
				CLANG_WARN_BLOCK_CAPTURE_AUTORELEASING = YES;
				CLANG_WARN_BOOL_CONVERSION = YES;
				CLANG_WARN_COMMA = YES;
				CLANG_WARN_CONSTANT_CONVERSION = YES;
				CLANG_WARN_DEPRECATED_OBJC_IMPLEMENTATIONS = YES;
				CLANG_WARN_DIRECT_OBJC_ISA_USAGE = YES_ERROR;
				CLANG_WARN_DOCUMENTATION_COMMENTS = YES;
				CLANG_WARN_EMPTY_BODY = YES;
				CLANG_WARN_ENUM_CONVERSION = YES;
				CLANG_WARN_INFINITE_RECURSION = YES;
				CLANG_WARN_INT_CONVERSION = YES;
				CLANG_WARN_NON_LITERAL_NULL_CONVERSION = YES;
				CLANG_WARN_OBJC_IMPLICIT_RETAIN_SELF = YES;
				CLANG_WARN_OBJC_LITERAL_CONVERSION = YES;
				CLANG_WARN_OBJC_ROOT_CLASS = YES_ERROR;
				CLANG_WARN_QUOTED_INCLUDE_IN_FRAMEWORK_HEADER = YES;
				CLANG_WARN_RANGE_LOOP_ANALYSIS = YES;
				CLANG_WARN_STRICT_PROTOTYPES = YES;
				CLANG_WARN_SUSPICIOUS_MOVE = YES;
				CLANG_WARN_UNGUARDED_AVAILABILITY = YES_AGGRESSIVE;
				CLANG_WARN_UNREACHABLE_CODE = YES;
				CLANG_WARN__DUPLICATE_METHOD_MATCH = YES;
				COPY_PHASE_STRIP = NO;
				DEBUG_INFORMATION_FORMAT = dwarf;
				ENABLE_STRICT_OBJC_MSGSEND = YES;
				ENABLE_TESTABILITY = YES;
				ENABLE_USER_SCRIPT_SANDBOXING = YES;
				GCC_C_LANGUAGE_STANDARD = gnu17;
				GCC_DYNAMIC_NO_PIC = NO;
				GCC_NO_COMMON_BLOCKS = YES;
				GCC_OPTIMIZATION_LEVEL = 0;
				GCC_PREPROCESSOR_DEFINITIONS = (
					"DEBUG=1",
					"$(inherited)",
				);
				GCC_WARN_64_TO_32_BIT_CONVERSION = YES;
				GCC_WARN_ABOUT_RETURN_TYPE = YES_ERROR;
				GCC_WARN_UNDECLARED_SELECTOR = YES;
				GCC_WARN_UNINITIALIZED_AUTOS = YES_AGGRESSIVE;
				GCC_WARN_UNUSED_FUNCTION = YES;
				GCC_WARN_UNUSED_VARIABLE = YES;
				IPHONEOS_DEPLOYMENT_TARGET = 17.5;
				LOCALIZATION_PREFERS_STRING_CATALOGS = YES;
				MTL_ENABLE_DEBUG_INFO = INCLUDE_SOURCE;
				MTL_FAST_MATH = YES;
				ONLY_ACTIVE_ARCH = YES;
				SDKROOT = iphoneos;
				SWIFT_ACTIVE_COMPILATION_CONDITIONS = "DEBUG $(inherited)";
				SWIFT_OPTIMIZATION_LEVEL = "-Onone";
			};
			name = Debug;
		};
		44D61C332CFEA0EF007577D0 /* Release */ = {
			isa = XCBuildConfiguration;
			buildSettings = {
				ALWAYS_SEARCH_USER_PATHS = NO;
				ASSETCATALOG_COMPILER_GENERATE_SWIFT_ASSET_SYMBOL_EXTENSIONS = YES;
				CLANG_ANALYZER_NONNULL = YES;
				CLANG_ANALYZER_NUMBER_OBJECT_CONVERSION = YES_AGGRESSIVE;
				CLANG_CXX_LANGUAGE_STANDARD = "gnu++20";
				CLANG_ENABLE_MODULES = YES;
				CLANG_ENABLE_OBJC_ARC = YES;
				CLANG_ENABLE_OBJC_WEAK = YES;
				CLANG_WARN_BLOCK_CAPTURE_AUTORELEASING = YES;
				CLANG_WARN_BOOL_CONVERSION = YES;
				CLANG_WARN_COMMA = YES;
				CLANG_WARN_CONSTANT_CONVERSION = YES;
				CLANG_WARN_DEPRECATED_OBJC_IMPLEMENTATIONS = YES;
				CLANG_WARN_DIRECT_OBJC_ISA_USAGE = YES_ERROR;
				CLANG_WARN_DOCUMENTATION_COMMENTS = YES;
				CLANG_WARN_EMPTY_BODY = YES;
				CLANG_WARN_ENUM_CONVERSION = YES;
				CLANG_WARN_INFINITE_RECURSION = YES;
				CLANG_WARN_INT_CONVERSION = YES;
				CLANG_WARN_NON_LITERAL_NULL_CONVERSION = YES;
				CLANG_WARN_OBJC_IMPLICIT_RETAIN_SELF = YES;
				CLANG_WARN_OBJC_LITERAL_CONVERSION = YES;
				CLANG_WARN_OBJC_ROOT_CLASS = YES_ERROR;
				CLANG_WARN_QUOTED_INCLUDE_IN_FRAMEWORK_HEADER = YES;
				CLANG_WARN_RANGE_LOOP_ANALYSIS = YES;
				CLANG_WARN_STRICT_PROTOTYPES = YES;
				CLANG_WARN_SUSPICIOUS_MOVE = YES;
				CLANG_WARN_UNGUARDED_AVAILABILITY = YES_AGGRESSIVE;
				CLANG_WARN_UNREACHABLE_CODE = YES;
				CLANG_WARN__DUPLICATE_METHOD_MATCH = YES;
				COPY_PHASE_STRIP = NO;
				DEBUG_INFORMATION_FORMAT = "dwarf-with-dsym";
				ENABLE_NS_ASSERTIONS = NO;
				ENABLE_STRICT_OBJC_MSGSEND = YES;
				ENABLE_USER_SCRIPT_SANDBOXING = YES;
				GCC_C_LANGUAGE_STANDARD = gnu17;
				GCC_NO_COMMON_BLOCKS = YES;
				GCC_WARN_64_TO_32_BIT_CONVERSION = YES;
				GCC_WARN_ABOUT_RETURN_TYPE = YES_ERROR;
				GCC_WARN_UNDECLARED_SELECTOR = YES;
				GCC_WARN_UNINITIALIZED_AUTOS = YES_AGGRESSIVE;
				GCC_WARN_UNUSED_FUNCTION = YES;
				GCC_WARN_UNUSED_VARIABLE = YES;
				IPHONEOS_DEPLOYMENT_TARGET = 17.5;
				LOCALIZATION_PREFERS_STRING_CATALOGS = YES;
				MTL_ENABLE_DEBUG_INFO = NO;
				MTL_FAST_MATH = YES;
				SDKROOT = iphoneos;
				SWIFT_COMPILATION_MODE = wholemodule;
				VALIDATE_PRODUCT = YES;
			};
			name = Release;
		};
		44D61C352CFEA0EF007577D0 /* Debug */ = {
			isa = XCBuildConfiguration;
			buildSettings = {
				ASSETCATALOG_COMPILER_APPICON_NAME = AppIcon;
				ASSETCATALOG_COMPILER_GLOBAL_ACCENT_COLOR_NAME = AccentColor;
				CODE_SIGN_STYLE = Automatic;
				CURRENT_PROJECT_VERSION = 1;
				DEVELOPMENT_ASSET_PATHS = "\"FlickerImageApp/Preview Content\"";
				DEVELOPMENT_TEAM = 3K82B6HTAT;
				ENABLE_PREVIEWS = YES;
				GENERATE_INFOPLIST_FILE = YES;
				INFOPLIST_KEY_UIApplicationSceneManifest_Generation = YES;
				INFOPLIST_KEY_UIApplicationSupportsIndirectInputEvents = YES;
				INFOPLIST_KEY_UILaunchScreen_Generation = YES;
				INFOPLIST_KEY_UISupportedInterfaceOrientations_iPad = "UIInterfaceOrientationPortrait UIInterfaceOrientationPortraitUpsideDown UIInterfaceOrientationLandscapeLeft UIInterfaceOrientationLandscapeRight";
				INFOPLIST_KEY_UISupportedInterfaceOrientations_iPhone = "UIInterfaceOrientationPortrait UIInterfaceOrientationLandscapeLeft UIInterfaceOrientationLandscapeRight";
				LD_RUNPATH_SEARCH_PATHS = (
					"$(inherited)",
					"@executable_path/Frameworks",
				);
				MARKETING_VERSION = 1.0;
				PRODUCT_BUNDLE_IDENTIFIER = toto.CVSFlickrAPP;
				PRODUCT_NAME = "$(TARGET_NAME)";
				SWIFT_EMIT_LOC_STRINGS = YES;
				SWIFT_VERSION = 5.0;
				TARGETED_DEVICE_FAMILY = "1,2";
			};
			name = Debug;
		};
		44D61C362CFEA0EF007577D0 /* Release */ = {
			isa = XCBuildConfiguration;
			buildSettings = {
				ASSETCATALOG_COMPILER_APPICON_NAME = AppIcon;
				ASSETCATALOG_COMPILER_GLOBAL_ACCENT_COLOR_NAME = AccentColor;
				CODE_SIGN_STYLE = Automatic;
				CURRENT_PROJECT_VERSION = 1;
				DEVELOPMENT_ASSET_PATHS = "\"FlickerImageApp/Preview Content\"";
				DEVELOPMENT_TEAM = 3K82B6HTAT;
				ENABLE_PREVIEWS = YES;
				GENERATE_INFOPLIST_FILE = YES;
				INFOPLIST_KEY_UIApplicationSceneManifest_Generation = YES;
				INFOPLIST_KEY_UIApplicationSupportsIndirectInputEvents = YES;
				INFOPLIST_KEY_UILaunchScreen_Generation = YES;
				INFOPLIST_KEY_UISupportedInterfaceOrientations_iPad = "UIInterfaceOrientationPortrait UIInterfaceOrientationPortraitUpsideDown UIInterfaceOrientationLandscapeLeft UIInterfaceOrientationLandscapeRight";
				INFOPLIST_KEY_UISupportedInterfaceOrientations_iPhone = "UIInterfaceOrientationPortrait UIInterfaceOrientationLandscapeLeft UIInterfaceOrientationLandscapeRight";
				LD_RUNPATH_SEARCH_PATHS = (
					"$(inherited)",
					"@executable_path/Frameworks",
				);
				MARKETING_VERSION = 1.0;
				PRODUCT_BUNDLE_IDENTIFIER = toto.CVSFlickrAPP;
				PRODUCT_NAME = "$(TARGET_NAME)";
				SWIFT_EMIT_LOC_STRINGS = YES;
				SWIFT_VERSION = 5.0;
				TARGETED_DEVICE_FAMILY = "1,2";
			};
			name = Release;
		};
		44D61C382CFEA0EF007577D0 /* Debug */ = {
			isa = XCBuildConfiguration;
			buildSettings = {
				ALWAYS_EMBED_SWIFT_STANDARD_LIBRARIES = YES;
				BUNDLE_LOADER = "$(TEST_HOST)";
				CODE_SIGN_STYLE = Automatic;
				CURRENT_PROJECT_VERSION = 1;
				GENERATE_INFOPLIST_FILE = YES;
				IPHONEOS_DEPLOYMENT_TARGET = 17.5;
				MARKETING_VERSION = 1.0;
				PRODUCT_BUNDLE_IDENTIFIER = toto.CVSFlickrAPPTests;
				PRODUCT_NAME = "$(TARGET_NAME)";
				SWIFT_EMIT_LOC_STRINGS = NO;
				SWIFT_VERSION = 5.0;
				TARGETED_DEVICE_FAMILY = "1,2";
				TEST_HOST = "$(BUILT_PRODUCTS_DIR)/FlickerImageApp.app/$(BUNDLE_EXECUTABLE_FOLDER_PATH)/FlickerImageApp";
			};
			name = Debug;
		};
		44D61C392CFEA0EF007577D0 /* Release */ = {
			isa = XCBuildConfiguration;
			buildSettings = {
				ALWAYS_EMBED_SWIFT_STANDARD_LIBRARIES = YES;
				BUNDLE_LOADER = "$(TEST_HOST)";
				CODE_SIGN_STYLE = Automatic;
				CURRENT_PROJECT_VERSION = 1;
				GENERATE_INFOPLIST_FILE = YES;
				IPHONEOS_DEPLOYMENT_TARGET = 17.5;
				MARKETING_VERSION = 1.0;
				PRODUCT_BUNDLE_IDENTIFIER = toto.CVSFlickrAPPTests;
				PRODUCT_NAME = "$(TARGET_NAME)";
				SWIFT_EMIT_LOC_STRINGS = NO;
				SWIFT_VERSION = 5.0;
				TARGETED_DEVICE_FAMILY = "1,2";
				TEST_HOST = "$(BUILT_PRODUCTS_DIR)/FlickerImageApp.app/$(BUNDLE_EXECUTABLE_FOLDER_PATH)/FlickerImageApp";
			};
			name = Release;
		};
		44D61C3B2CFEA0EF007577D0 /* Debug */ = {
			isa = XCBuildConfiguration;
			buildSettings = {
				ALWAYS_EMBED_SWIFT_STANDARD_LIBRARIES = YES;
				CODE_SIGN_STYLE = Automatic;
				CURRENT_PROJECT_VERSION = 1;
				GENERATE_INFOPLIST_FILE = YES;
				MARKETING_VERSION = 1.0;
				PRODUCT_BUNDLE_IDENTIFIER = toto.CVSFlickrAPPUITests;
				PRODUCT_NAME = "$(TARGET_NAME)";
				SWIFT_EMIT_LOC_STRINGS = NO;
				SWIFT_VERSION = 5.0;
				TARGETED_DEVICE_FAMILY = "1,2";
				TEST_TARGET_NAME = CVSFlickrAPP;
			};
			name = Debug;
		};
		44D61C3C2CFEA0EF007577D0 /* Release */ = {
			isa = XCBuildConfiguration;
			buildSettings = {
				ALWAYS_EMBED_SWIFT_STANDARD_LIBRARIES = YES;
				CODE_SIGN_STYLE = Automatic;
				CURRENT_PROJECT_VERSION = 1;
				GENERATE_INFOPLIST_FILE = YES;
				MARKETING_VERSION = 1.0;
				PRODUCT_BUNDLE_IDENTIFIER = toto.CVSFlickrAPPUITests;
				PRODUCT_NAME = "$(TARGET_NAME)";
				SWIFT_EMIT_LOC_STRINGS = NO;
				SWIFT_VERSION = 5.0;
				TARGETED_DEVICE_FAMILY = "1,2";
				TEST_TARGET_NAME = CVSFlickrAPP;
			};
			name = Release;
		};
/* End XCBuildConfiguration section */

/* Begin XCConfigurationList section */
		44D61C0B2CFEA0EB007577D0 /* Build configuration list for PBXProject "FlickerImageApp" */ = {
			isa = XCConfigurationList;
			buildConfigurations = (
				44D61C322CFEA0EF007577D0 /* Debug */,
				44D61C332CFEA0EF007577D0 /* Release */,
			);
			defaultConfigurationIsVisible = 0;
			defaultConfigurationName = Release;
		};
		44D61C342CFEA0EF007577D0 /* Build configuration list for PBXNativeTarget "FlickerImageApp" */ = {
			isa = XCConfigurationList;
			buildConfigurations = (
				44D61C352CFEA0EF007577D0 /* Debug */,
				44D61C362CFEA0EF007577D0 /* Release */,
			);
			defaultConfigurationIsVisible = 0;
			defaultConfigurationName = Release;
		};
		44D61C372CFEA0EF007577D0 /* Build configuration list for PBXNativeTarget "FlickerImageAppTests" */ = {
			isa = XCConfigurationList;
			buildConfigurations = (
				44D61C382CFEA0EF007577D0 /* Debug */,
				44D61C392CFEA0EF007577D0 /* Release */,
			);
			defaultConfigurationIsVisible = 0;
			defaultConfigurationName = Release;
		};
		44D61C3A2CFEA0EF007577D0 /* Build configuration list for PBXNativeTarget "FlickerImageAppUITests" */ = {
			isa = XCConfigurationList;
			buildConfigurations = (
				44D61C3B2CFEA0EF007577D0 /* Debug */,
				44D61C3C2CFEA0EF007577D0 /* Release */,
			);
			defaultConfigurationIsVisible = 0;
			defaultConfigurationName = Release;
		};
/* End XCConfigurationList section */
	};
	rootObject = 44D61C082CFEA0EB007577D0 /* Project object */;
}
